// !$*UTF8*$!
{
	archiveVersion = 1;
	classes = {
	};
	objectVersion = 46;
	objects = {

/* Begin PBXBuildFile section */
		E249C69F1BC281C0006E6278 /* Combinators.swift in Sources */ = {isa = PBXBuildFile; fileRef = E249C6861BC28174006E6278 /* Combinators.swift */; settings = {ASSET_TAGS = (); }; };
		E249C6A01BC281C0006E6278 /* Delay+Promise.swift in Sources */ = {isa = PBXBuildFile; fileRef = E249C6871BC28174006E6278 /* Delay+Promise.swift */; settings = {ASSET_TAGS = (); }; };
		E249C6A11BC281C0006E6278 /* Promise.swift in Sources */ = {isa = PBXBuildFile; fileRef = E249C6881BC28174006E6278 /* Promise.swift */; settings = {ASSET_TAGS = (); }; };
		E249C6A21BC281C0006E6278 /* PromiseSource.swift in Sources */ = {isa = PBXBuildFile; fileRef = E249C6891BC28174006E6278 /* PromiseSource.swift */; settings = {ASSET_TAGS = (); }; };
		E249C6A31BC281C0006E6278 /* Result.swift in Sources */ = {isa = PBXBuildFile; fileRef = E249C68A1BC28174006E6278 /* Result.swift */; settings = {ASSET_TAGS = (); }; };
		E249C6A41BC281C0006E6278 /* State.swift in Sources */ = {isa = PBXBuildFile; fileRef = E249C68B1BC28174006E6278 /* State.swift */; settings = {ASSET_TAGS = (); }; };
		E249C6A51BC282E8006E6278 /* Promissum.framework in Frameworks */ = {isa = PBXBuildFile; fileRef = E249C6971BC2817D006E6278 /* Promissum.framework */; };
		E249C6A61BC282ED006E6278 /* Promissum.framework in Frameworks */ = {isa = PBXBuildFile; fileRef = E249C6971BC2817D006E6278 /* Promissum.framework */; };
		E249C6A71BC282F1006E6278 /* Promissum.framework in Frameworks */ = {isa = PBXBuildFile; fileRef = E249C6971BC2817D006E6278 /* Promissum.framework */; };
		E27233961BBF37D800B55A3F /* Alamofire+Promise.swift in Sources */ = {isa = PBXBuildFile; fileRef = E2406B1E1A5BBD6E000E5C78 /* Alamofire+Promise.swift */; settings = {ASSET_TAGS = (); }; };
		E272339A1BBF387A00B55A3F /* Alamofire.framework in Frameworks */ = {isa = PBXBuildFile; fileRef = E2FDBEE21BBEECDB00FAAEE8 /* Alamofire.framework */; };
		E27233D01BBF40A000B55A3F /* CoreDataKit.framework in Frameworks */ = {isa = PBXBuildFile; fileRef = E2FDBEE31BBEECDB00FAAEE8 /* CoreDataKit.framework */; };
		E27233D11BBF40FD00B55A3F /* CoreDataKit+Promise.swift in Sources */ = {isa = PBXBuildFile; fileRef = E28B567E1A5C92A900F2D6B0 /* CoreDataKit+Promise.swift */; settings = {ASSET_TAGS = (); }; };
		E27233D21BBF410800B55A3F /* UIKit+Promise.swift in Sources */ = {isa = PBXBuildFile; fileRef = E2218CD11A642966009FE208 /* UIKit+Promise.swift */; settings = {ASSET_TAGS = (); }; };
/* End PBXBuildFile section */

/* Begin PBXFileReference section */
		5EB348054543B08B297FEBDC /* Pods.release.xcconfig */ = {isa = PBXFileReference; includeInIndex = 1; lastKnownFileType = text.xcconfig; name = Pods.release.xcconfig; path = "Pods/Target Support Files/Pods/Pods.release.xcconfig"; sourceTree = "<group>"; };
		BD862433C1160DF8DA29F6A3 /* Pods.debug.xcconfig */ = {isa = PBXFileReference; includeInIndex = 1; lastKnownFileType = text.xcconfig; name = Pods.debug.xcconfig; path = "Pods/Target Support Files/Pods/Pods.debug.xcconfig"; sourceTree = "<group>"; };
		E22010F31B88EC4800FAF379 /* AVFoundation+Promise.swift */ = {isa = PBXFileReference; fileEncoding = 4; lastKnownFileType = sourcecode.swift; path = "AVFoundation+Promise.swift"; sourceTree = "<group>"; };
		E2218CD11A642966009FE208 /* UIKit+Promise.swift */ = {isa = PBXFileReference; fileEncoding = 4; lastKnownFileType = sourcecode.swift; path = "UIKit+Promise.swift"; sourceTree = "<group>"; };
		E2406AF21A5BBB8D000E5C78 /* Info.plist */ = {isa = PBXFileReference; lastKnownFileType = text.plist.xml; path = Info.plist; sourceTree = "<group>"; };
		E2406B1E1A5BBD6E000E5C78 /* Alamofire+Promise.swift */ = {isa = PBXFileReference; fileEncoding = 4; lastKnownFileType = sourcecode.swift; path = "Alamofire+Promise.swift"; sourceTree = "<group>"; };
		E249C6861BC28174006E6278 /* Combinators.swift */ = {isa = PBXFileReference; fileEncoding = 4; lastKnownFileType = sourcecode.swift; name = Combinators.swift; path = ../src/Promissum/Combinators.swift; sourceTree = "<group>"; };
		E249C6871BC28174006E6278 /* Delay+Promise.swift */ = {isa = PBXFileReference; fileEncoding = 4; lastKnownFileType = sourcecode.swift; name = "Delay+Promise.swift"; path = "../src/Promissum/Delay+Promise.swift"; sourceTree = "<group>"; };
		E249C6881BC28174006E6278 /* Promise.swift */ = {isa = PBXFileReference; fileEncoding = 4; lastKnownFileType = sourcecode.swift; name = Promise.swift; path = ../src/Promissum/Promise.swift; sourceTree = "<group>"; };
		E249C6891BC28174006E6278 /* PromiseSource.swift */ = {isa = PBXFileReference; fileEncoding = 4; lastKnownFileType = sourcecode.swift; name = PromiseSource.swift; path = ../src/Promissum/PromiseSource.swift; sourceTree = "<group>"; };
		E249C68A1BC28174006E6278 /* Result.swift */ = {isa = PBXFileReference; fileEncoding = 4; lastKnownFileType = sourcecode.swift; name = Result.swift; path = ../src/Promissum/Result.swift; sourceTree = "<group>"; };
		E249C68B1BC28174006E6278 /* State.swift */ = {isa = PBXFileReference; fileEncoding = 4; lastKnownFileType = sourcecode.swift; name = State.swift; path = ../src/Promissum/State.swift; sourceTree = "<group>"; };
		E249C6971BC2817D006E6278 /* Promissum.framework */ = {isa = PBXFileReference; explicitFileType = wrapper.framework; includeInIndex = 0; path = Promissum.framework; sourceTree = BUILT_PRODUCTS_DIR; };
		E272338E1BBF37CF00B55A3F /* Promissum_Alamofire.framework */ = {isa = PBXFileReference; explicitFileType = wrapper.framework; includeInIndex = 0; path = Promissum_Alamofire.framework; sourceTree = BUILT_PRODUCTS_DIR; };
		E27233C11BBF406800B55A3F /* Promissum_CoreDataKit.framework */ = {isa = PBXFileReference; explicitFileType = wrapper.framework; includeInIndex = 0; path = Promissum_CoreDataKit.framework; sourceTree = BUILT_PRODUCTS_DIR; };
		E27233CE1BBF407200B55A3F /* Promissum_UIKit.framework */ = {isa = PBXFileReference; explicitFileType = wrapper.framework; includeInIndex = 0; path = Promissum_UIKit.framework; sourceTree = BUILT_PRODUCTS_DIR; };
		E28B567E1A5C92A900F2D6B0 /* CoreDataKit+Promise.swift */ = {isa = PBXFileReference; fileEncoding = 4; lastKnownFileType = sourcecode.swift; path = "CoreDataKit+Promise.swift"; sourceTree = "<group>"; };
		E2FDBEE21BBEECDB00FAAEE8 /* Alamofire.framework */ = {isa = PBXFileReference; lastKnownFileType = wrapper.framework; name = Alamofire.framework; path = ../Carthage/Build/iOS/Alamofire.framework; sourceTree = "<group>"; };
		E2FDBEE31BBEECDB00FAAEE8 /* CoreDataKit.framework */ = {isa = PBXFileReference; lastKnownFileType = wrapper.framework; name = CoreDataKit.framework; path = ../Carthage/Build/iOS/CoreDataKit.framework; sourceTree = "<group>"; };
/* End PBXFileReference section */

/* Begin PBXFrameworksBuildPhase section */
		E249C6931BC2817D006E6278 /* Frameworks */ = {
			isa = PBXFrameworksBuildPhase;
			buildActionMask = 2147483647;
			files = (
			);
			runOnlyForDeploymentPostprocessing = 0;
		};
		E272338A1BBF37CF00B55A3F /* Frameworks */ = {
			isa = PBXFrameworksBuildPhase;
			buildActionMask = 2147483647;
			files = (
				E249C6A51BC282E8006E6278 /* Promissum.framework in Frameworks */,
				E272339A1BBF387A00B55A3F /* Alamofire.framework in Frameworks */,
			);
			runOnlyForDeploymentPostprocessing = 0;
		};
		E27233B91BBF406800B55A3F /* Frameworks */ = {
			isa = PBXFrameworksBuildPhase;
			buildActionMask = 2147483647;
			files = (
				E249C6A61BC282ED006E6278 /* Promissum.framework in Frameworks */,
				E27233D01BBF40A000B55A3F /* CoreDataKit.framework in Frameworks */,
			);
			runOnlyForDeploymentPostprocessing = 0;
		};
		E27233C61BBF407200B55A3F /* Frameworks */ = {
			isa = PBXFrameworksBuildPhase;
			buildActionMask = 2147483647;
			files = (
				E249C6A71BC282F1006E6278 /* Promissum.framework in Frameworks */,
			);
			runOnlyForDeploymentPostprocessing = 0;
		};
/* End PBXFrameworksBuildPhase section */

/* Begin PBXGroup section */
		8E937B5F5271990EBDA35E96 /* Frameworks */ = {
			isa = PBXGroup;
			children = (
				E2FDBEE21BBEECDB00FAAEE8 /* Alamofire.framework */,
				E2FDBEE31BBEECDB00FAAEE8 /* CoreDataKit.framework */,
			);
			name = Frameworks;
			sourceTree = "<group>";
		};
		9777366651AC4F9A61708497 /* Pods */ = {
			isa = PBXGroup;
			children = (
				BD862433C1160DF8DA29F6A3 /* Pods.debug.xcconfig */,
				5EB348054543B08B297FEBDC /* Pods.release.xcconfig */,
			);
			name = Pods;
			sourceTree = "<group>";
		};
		E2406AE41A5BBB8D000E5C78 = {
			isa = PBXGroup;
			children = (
				E249C6851BC2815B006E6278 /* Promissum */,
				E2406AF01A5BBB8D000E5C78 /* PromissumExtensions */,
				E2406AEF1A5BBB8D000E5C78 /* Products */,
				9777366651AC4F9A61708497 /* Pods */,
				8E937B5F5271990EBDA35E96 /* Frameworks */,
			);
			sourceTree = "<group>";
		};
		E2406AEF1A5BBB8D000E5C78 /* Products */ = {
			isa = PBXGroup;
			children = (
				E272338E1BBF37CF00B55A3F /* Promissum_Alamofire.framework */,
				E27233C11BBF406800B55A3F /* Promissum_CoreDataKit.framework */,
				E27233CE1BBF407200B55A3F /* Promissum_UIKit.framework */,
				E249C6971BC2817D006E6278 /* Promissum.framework */,
			);
			name = Products;
			sourceTree = "<group>";
		};
		E2406AF01A5BBB8D000E5C78 /* PromissumExtensions */ = {
			isa = PBXGroup;
			children = (
				E2406B1E1A5BBD6E000E5C78 /* Alamofire+Promise.swift */,
				E22010F31B88EC4800FAF379 /* AVFoundation+Promise.swift */,
				E28B567E1A5C92A900F2D6B0 /* CoreDataKit+Promise.swift */,
				E2406AF11A5BBB8D000E5C78 /* Supporting Files */,
				E2218CD11A642966009FE208 /* UIKit+Promise.swift */,
			);
			path = PromissumExtensions;
			sourceTree = "<group>";
		};
		E2406AF11A5BBB8D000E5C78 /* Supporting Files */ = {
			isa = PBXGroup;
			children = (
				E2406AF21A5BBB8D000E5C78 /* Info.plist */,
			);
			name = "Supporting Files";
			sourceTree = "<group>";
		};
		E249C6851BC2815B006E6278 /* Promissum */ = {
			isa = PBXGroup;
			children = (
				E249C6861BC28174006E6278 /* Combinators.swift */,
				E249C6871BC28174006E6278 /* Delay+Promise.swift */,
				E249C6881BC28174006E6278 /* Promise.swift */,
				E249C6891BC28174006E6278 /* PromiseSource.swift */,
				E249C68A1BC28174006E6278 /* Result.swift */,
				E249C68B1BC28174006E6278 /* State.swift */,
			);
			name = Promissum;
			sourceTree = "<group>";
		};
/* End PBXGroup section */

/* Begin PBXHeadersBuildPhase section */
		E249C6941BC2817D006E6278 /* Headers */ = {
			isa = PBXHeadersBuildPhase;
			buildActionMask = 2147483647;
			files = (
			);
			runOnlyForDeploymentPostprocessing = 0;
		};
		E272338B1BBF37CF00B55A3F /* Headers */ = {
			isa = PBXHeadersBuildPhase;
			buildActionMask = 2147483647;
			files = (
			);
			runOnlyForDeploymentPostprocessing = 0;
		};
		E27233BC1BBF406800B55A3F /* Headers */ = {
			isa = PBXHeadersBuildPhase;
			buildActionMask = 2147483647;
			files = (
			);
			runOnlyForDeploymentPostprocessing = 0;
		};
		E27233C91BBF407200B55A3F /* Headers */ = {
			isa = PBXHeadersBuildPhase;
			buildActionMask = 2147483647;
			files = (
			);
			runOnlyForDeploymentPostprocessing = 0;
		};
/* End PBXHeadersBuildPhase section */

/* Begin PBXNativeTarget section */
		E249C6961BC2817D006E6278 /* Promissum */ = {
			isa = PBXNativeTarget;
			buildConfigurationList = E249C69C1BC2817D006E6278 /* Build configuration list for PBXNativeTarget "Promissum" */;
			buildPhases = (
				E249C6921BC2817D006E6278 /* Sources */,
				E249C6931BC2817D006E6278 /* Frameworks */,
				E249C6941BC2817D006E6278 /* Headers */,
				E249C6951BC2817D006E6278 /* Resources */,
			);
			buildRules = (
			);
			dependencies = (
			);
			name = Promissum;
			productName = Promissum;
			productReference = E249C6971BC2817D006E6278 /* Promissum.framework */;
			productType = "com.apple.product-type.framework";
		};
		E272338D1BBF37CF00B55A3F /* Promissum_Alamofire */ = {
			isa = PBXNativeTarget;
			buildConfigurationList = E27233931BBF37CF00B55A3F /* Build configuration list for PBXNativeTarget "Promissum_Alamofire" */;
			buildPhases = (
				E27233891BBF37CF00B55A3F /* Sources */,
				E272338A1BBF37CF00B55A3F /* Frameworks */,
				E272338B1BBF37CF00B55A3F /* Headers */,
				E272338C1BBF37CF00B55A3F /* Resources */,
			);
			buildRules = (
			);
			dependencies = (
			);
			name = Promissum_Alamofire;
			productName = Promissum.Alamofire;
			productReference = E272338E1BBF37CF00B55A3F /* Promissum_Alamofire.framework */;
			productType = "com.apple.product-type.framework";
		};
		E27233B61BBF406800B55A3F /* Promissum_CoreDataKit */ = {
			isa = PBXNativeTarget;
			buildConfigurationList = E27233BE1BBF406800B55A3F /* Build configuration list for PBXNativeTarget "Promissum_CoreDataKit" */;
			buildPhases = (
				E27233B71BBF406800B55A3F /* Sources */,
				E27233B91BBF406800B55A3F /* Frameworks */,
				E27233BC1BBF406800B55A3F /* Headers */,
				E27233BD1BBF406800B55A3F /* Resources */,
			);
			buildRules = (
			);
			dependencies = (
			);
			name = Promissum_CoreDataKit;
			productName = Promissum.Alamofire;
			productReference = E27233C11BBF406800B55A3F /* Promissum_CoreDataKit.framework */;
			productType = "com.apple.product-type.framework";
		};
		E27233C31BBF407200B55A3F /* Promissum_UIKit */ = {
			isa = PBXNativeTarget;
			buildConfigurationList = E27233CB1BBF407200B55A3F /* Build configuration list for PBXNativeTarget "Promissum_UIKit" */;
			buildPhases = (
				E27233C41BBF407200B55A3F /* Sources */,
				E27233C61BBF407200B55A3F /* Frameworks */,
				E27233C91BBF407200B55A3F /* Headers */,
				E27233CA1BBF407200B55A3F /* Resources */,
			);
			buildRules = (
			);
			dependencies = (
			);
			name = Promissum_UIKit;
			productName = Promissum.Alamofire;
			productReference = E27233CE1BBF407200B55A3F /* Promissum_UIKit.framework */;
			productType = "com.apple.product-type.framework";
		};
/* End PBXNativeTarget section */

/* Begin PBXProject section */
		E2406AE51A5BBB8D000E5C78 /* Project object */ = {
			isa = PBXProject;
			attributes = {
				LastSwiftUpdateCheck = 0700;
				LastUpgradeCheck = 0700;
				ORGANIZATIONNAME = "Tom Lokhorst";
				TargetAttributes = {
					E249C6961BC2817D006E6278 = {
						CreatedOnToolsVersion = 7.0.1;
					};
					E272338D1BBF37CF00B55A3F = {
						CreatedOnToolsVersion = 7.0.1;
					};
				};
			};
			buildConfigurationList = E2406AE81A5BBB8D000E5C78 /* Build configuration list for PBXProject "Promissum_Carthage" */;
			compatibilityVersion = "Xcode 3.2";
			developmentRegion = English;
			hasScannedForEncodings = 0;
			knownRegions = (
				en,
			);
			mainGroup = E2406AE41A5BBB8D000E5C78;
			productRefGroup = E2406AEF1A5BBB8D000E5C78 /* Products */;
			projectDirPath = "";
			projectRoot = "";
			targets = (
				E249C6961BC2817D006E6278 /* Promissum */,
				E272338D1BBF37CF00B55A3F /* Promissum_Alamofire */,
				E27233B61BBF406800B55A3F /* Promissum_CoreDataKit */,
				E27233C31BBF407200B55A3F /* Promissum_UIKit */,
			);
		};
/* End PBXProject section */

/* Begin PBXResourcesBuildPhase section */
		E249C6951BC2817D006E6278 /* Resources */ = {
			isa = PBXResourcesBuildPhase;
			buildActionMask = 2147483647;
			files = (
			);
			runOnlyForDeploymentPostprocessing = 0;
		};
		E272338C1BBF37CF00B55A3F /* Resources */ = {
			isa = PBXResourcesBuildPhase;
			buildActionMask = 2147483647;
			files = (
			);
			runOnlyForDeploymentPostprocessing = 0;
		};
		E27233BD1BBF406800B55A3F /* Resources */ = {
			isa = PBXResourcesBuildPhase;
			buildActionMask = 2147483647;
			files = (
			);
			runOnlyForDeploymentPostprocessing = 0;
		};
		E27233CA1BBF407200B55A3F /* Resources */ = {
			isa = PBXResourcesBuildPhase;
			buildActionMask = 2147483647;
			files = (
			);
			runOnlyForDeploymentPostprocessing = 0;
		};
/* End PBXResourcesBuildPhase section */

/* Begin PBXSourcesBuildPhase section */
		E249C6921BC2817D006E6278 /* Sources */ = {
			isa = PBXSourcesBuildPhase;
			buildActionMask = 2147483647;
			files = (
				E249C69F1BC281C0006E6278 /* Combinators.swift in Sources */,
				E249C6A31BC281C0006E6278 /* Result.swift in Sources */,
				E249C6A01BC281C0006E6278 /* Delay+Promise.swift in Sources */,
				E249C6A21BC281C0006E6278 /* PromiseSource.swift in Sources */,
				E249C6A11BC281C0006E6278 /* Promise.swift in Sources */,
				E249C6A41BC281C0006E6278 /* State.swift in Sources */,
			);
			runOnlyForDeploymentPostprocessing = 0;
		};
		E27233891BBF37CF00B55A3F /* Sources */ = {
			isa = PBXSourcesBuildPhase;
			buildActionMask = 2147483647;
			files = (
				E27233961BBF37D800B55A3F /* Alamofire+Promise.swift in Sources */,
			);
			runOnlyForDeploymentPostprocessing = 0;
		};
		E27233B71BBF406800B55A3F /* Sources */ = {
			isa = PBXSourcesBuildPhase;
			buildActionMask = 2147483647;
			files = (
				E27233D11BBF40FD00B55A3F /* CoreDataKit+Promise.swift in Sources */,
			);
			runOnlyForDeploymentPostprocessing = 0;
		};
		E27233C41BBF407200B55A3F /* Sources */ = {
			isa = PBXSourcesBuildPhase;
			buildActionMask = 2147483647;
			files = (
				E27233D21BBF410800B55A3F /* UIKit+Promise.swift in Sources */,
			);
			runOnlyForDeploymentPostprocessing = 0;
		};
/* End PBXSourcesBuildPhase section */

/* Begin XCBuildConfiguration section */
		E2406B021A5BBB8D000E5C78 /* Debug */ = {
			isa = XCBuildConfiguration;
			buildSettings = {
				ALWAYS_SEARCH_USER_PATHS = NO;
				CLANG_CXX_LANGUAGE_STANDARD = "gnu++0x";
				CLANG_CXX_LIBRARY = "libc++";
				CLANG_ENABLE_MODULES = YES;
				CLANG_ENABLE_OBJC_ARC = YES;
				CLANG_WARN_BOOL_CONVERSION = YES;
				CLANG_WARN_CONSTANT_CONVERSION = YES;
				CLANG_WARN_DIRECT_OBJC_ISA_USAGE = YES_ERROR;
				CLANG_WARN_EMPTY_BODY = YES;
				CLANG_WARN_ENUM_CONVERSION = YES;
				CLANG_WARN_INT_CONVERSION = YES;
				CLANG_WARN_OBJC_ROOT_CLASS = YES_ERROR;
				CLANG_WARN_UNREACHABLE_CODE = YES;
				CLANG_WARN__DUPLICATE_METHOD_MATCH = YES;
				"CODE_SIGN_IDENTITY[sdk=iphoneos*]" = "iPhone Developer";
				COPY_PHASE_STRIP = NO;
				CURRENT_PROJECT_VERSION = 1;
				ENABLE_STRICT_OBJC_MSGSEND = YES;
				ENABLE_TESTABILITY = YES;
				GCC_C_LANGUAGE_STANDARD = gnu99;
				GCC_DYNAMIC_NO_PIC = NO;
				GCC_OPTIMIZATION_LEVEL = 0;
				GCC_PREPROCESSOR_DEFINITIONS = (
					"DEBUG=1",
					"$(inherited)",
				);
				GCC_SYMBOLS_PRIVATE_EXTERN = NO;
				GCC_WARN_64_TO_32_BIT_CONVERSION = YES;
				GCC_WARN_ABOUT_RETURN_TYPE = YES_ERROR;
				GCC_WARN_UNDECLARED_SELECTOR = YES;
				GCC_WARN_UNINITIALIZED_AUTOS = YES_AGGRESSIVE;
				GCC_WARN_UNUSED_FUNCTION = YES;
				GCC_WARN_UNUSED_VARIABLE = YES;
				MTL_ENABLE_DEBUG_INFO = YES;
				ONLY_ACTIVE_ARCH = YES;
				SDKROOT = iphoneos;
				SWIFT_OPTIMIZATION_LEVEL = "-Onone";
				TARGETED_DEVICE_FAMILY = "1,2";
				VERSIONING_SYSTEM = "apple-generic";
				VERSION_INFO_PREFIX = "";
			};
			name = Debug;
		};
		E2406B031A5BBB8D000E5C78 /* Release */ = {
			isa = XCBuildConfiguration;
			buildSettings = {
				ALWAYS_SEARCH_USER_PATHS = NO;
				CLANG_CXX_LANGUAGE_STANDARD = "gnu++0x";
				CLANG_CXX_LIBRARY = "libc++";
				CLANG_ENABLE_MODULES = YES;
				CLANG_ENABLE_OBJC_ARC = YES;
				CLANG_WARN_BOOL_CONVERSION = YES;
				CLANG_WARN_CONSTANT_CONVERSION = YES;
				CLANG_WARN_DIRECT_OBJC_ISA_USAGE = YES_ERROR;
				CLANG_WARN_EMPTY_BODY = YES;
				CLANG_WARN_ENUM_CONVERSION = YES;
				CLANG_WARN_INT_CONVERSION = YES;
				CLANG_WARN_OBJC_ROOT_CLASS = YES_ERROR;
				CLANG_WARN_UNREACHABLE_CODE = YES;
				CLANG_WARN__DUPLICATE_METHOD_MATCH = YES;
				"CODE_SIGN_IDENTITY[sdk=iphoneos*]" = "iPhone Developer";
				COPY_PHASE_STRIP = YES;
				CURRENT_PROJECT_VERSION = 1;
				ENABLE_NS_ASSERTIONS = NO;
				ENABLE_STRICT_OBJC_MSGSEND = YES;
				GCC_C_LANGUAGE_STANDARD = gnu99;
				GCC_WARN_64_TO_32_BIT_CONVERSION = YES;
				GCC_WARN_ABOUT_RETURN_TYPE = YES_ERROR;
				GCC_WARN_UNDECLARED_SELECTOR = YES;
				GCC_WARN_UNINITIALIZED_AUTOS = YES_AGGRESSIVE;
				GCC_WARN_UNUSED_FUNCTION = YES;
				GCC_WARN_UNUSED_VARIABLE = YES;
				MTL_ENABLE_DEBUG_INFO = NO;
				SDKROOT = iphoneos;
				TARGETED_DEVICE_FAMILY = "1,2";
				VALIDATE_PRODUCT = YES;
				VERSIONING_SYSTEM = "apple-generic";
				VERSION_INFO_PREFIX = "";
			};
			name = Release;
		};
		E249C69D1BC2817D006E6278 /* Debug */ = {
			isa = XCBuildConfiguration;
			buildSettings = {
				DEBUG_INFORMATION_FORMAT = dwarf;
				DEFINES_MODULE = YES;
				DYLIB_COMPATIBILITY_VERSION = 1;
				DYLIB_CURRENT_VERSION = 1;
				DYLIB_INSTALL_NAME_BASE = "@rpath";
				GCC_NO_COMMON_BLOCKS = YES;
				INFOPLIST_FILE = "$(SRCROOT)/PromissumExtensions/Info.plist";
				INSTALL_PATH = "$(LOCAL_LIBRARY_DIR)/Frameworks";
				IPHONEOS_DEPLOYMENT_TARGET = 8.0;
				LD_RUNPATH_SEARCH_PATHS = "$(inherited) @executable_path/Frameworks @loader_path/Frameworks";
				PRODUCT_BUNDLE_IDENTIFIER = com.nonstrict.Promissum;
				PRODUCT_NAME = "$(TARGET_NAME)";
				SKIP_INSTALL = YES;
			};
			name = Debug;
		};
		E249C69E1BC2817D006E6278 /* Release */ = {
			isa = XCBuildConfiguration;
			buildSettings = {
				COPY_PHASE_STRIP = NO;
				DEBUG_INFORMATION_FORMAT = "dwarf-with-dsym";
				DEFINES_MODULE = YES;
				DYLIB_COMPATIBILITY_VERSION = 1;
				DYLIB_CURRENT_VERSION = 1;
				DYLIB_INSTALL_NAME_BASE = "@rpath";
				GCC_NO_COMMON_BLOCKS = YES;
				INFOPLIST_FILE = "$(SRCROOT)/PromissumExtensions/Info.plist";
				INSTALL_PATH = "$(LOCAL_LIBRARY_DIR)/Frameworks";
				IPHONEOS_DEPLOYMENT_TARGET = 8.0;
				LD_RUNPATH_SEARCH_PATHS = "$(inherited) @executable_path/Frameworks @loader_path/Frameworks";
				PRODUCT_BUNDLE_IDENTIFIER = com.nonstrict.Promissum;
				PRODUCT_NAME = "$(TARGET_NAME)";
				SKIP_INSTALL = YES;
			};
			name = Release;
		};
		E27233941BBF37CF00B55A3F /* Debug */ = {
			isa = XCBuildConfiguration;
			buildSettings = {
				DEBUG_INFORMATION_FORMAT = dwarf;
				DEFINES_MODULE = YES;
				DYLIB_COMPATIBILITY_VERSION = 1;
				DYLIB_CURRENT_VERSION = 1;
				DYLIB_INSTALL_NAME_BASE = "@rpath";
				FRAMEWORK_SEARCH_PATHS = "$(PROJECT_DIR)/../Carthage/Build/iOS";
				GCC_NO_COMMON_BLOCKS = YES;
				INFOPLIST_FILE = "$(SRCROOT)/PromissumExtensions/Info.plist";
				INSTALL_PATH = "$(LOCAL_LIBRARY_DIR)/Frameworks";
				IPHONEOS_DEPLOYMENT_TARGET = 8.0;
				LD_RUNPATH_SEARCH_PATHS = "$(inherited) @executable_path/Frameworks @loader_path/Frameworks";
				OTHER_SWIFT_FLAGS = "-D CARTHAGE";
				PRODUCT_BUNDLE_IDENTIFIER = "com.nonstrict.Promissum-Alamofire";
				PRODUCT_NAME = "$(TARGET_NAME)";
				SKIP_INSTALL = YES;
			};
			name = Debug;
		};
		E27233951BBF37CF00B55A3F /* Release */ = {
			isa = XCBuildConfiguration;
			buildSettings = {
				COPY_PHASE_STRIP = NO;
				DEBUG_INFORMATION_FORMAT = "dwarf-with-dsym";
				DEFINES_MODULE = YES;
				DYLIB_COMPATIBILITY_VERSION = 1;
				DYLIB_CURRENT_VERSION = 1;
				DYLIB_INSTALL_NAME_BASE = "@rpath";
				FRAMEWORK_SEARCH_PATHS = "$(PROJECT_DIR)/../Carthage/Build/iOS";
				GCC_NO_COMMON_BLOCKS = YES;
				INFOPLIST_FILE = "$(SRCROOT)/PromissumExtensions/Info.plist";
				INSTALL_PATH = "$(LOCAL_LIBRARY_DIR)/Frameworks";
				IPHONEOS_DEPLOYMENT_TARGET = 8.0;
				LD_RUNPATH_SEARCH_PATHS = "$(inherited) @executable_path/Frameworks @loader_path/Frameworks";
				OTHER_SWIFT_FLAGS = "-D CARTHAGE";
				PRODUCT_BUNDLE_IDENTIFIER = "com.nonstrict.Promissum-Alamofire";
				PRODUCT_NAME = "$(TARGET_NAME)";
				SKIP_INSTALL = YES;
			};
			name = Release;
		};
		E27233BF1BBF406800B55A3F /* Debug */ = {
			isa = XCBuildConfiguration;
			buildSettings = {
				DEBUG_INFORMATION_FORMAT = dwarf;
				DEFINES_MODULE = YES;
				DYLIB_COMPATIBILITY_VERSION = 1;
				DYLIB_CURRENT_VERSION = 1;
				DYLIB_INSTALL_NAME_BASE = "@rpath";
				FRAMEWORK_SEARCH_PATHS = "$(PROJECT_DIR)/../Carthage/Build/iOS";
				GCC_NO_COMMON_BLOCKS = YES;
				INFOPLIST_FILE = "$(SRCROOT)/PromissumExtensions/Info.plist";
				INSTALL_PATH = "$(LOCAL_LIBRARY_DIR)/Frameworks";
				IPHONEOS_DEPLOYMENT_TARGET = 8.0;
				LD_RUNPATH_SEARCH_PATHS = "$(inherited) @executable_path/Frameworks @loader_path/Frameworks";
				OTHER_SWIFT_FLAGS = "-D CARTHAGE";
				PRODUCT_BUNDLE_IDENTIFIER = "com.nonstrict.Promissum-CoreDataKit";
				PRODUCT_NAME = "$(TARGET_NAME)";
				SKIP_INSTALL = YES;
			};
			name = Debug;
		};
		E27233C01BBF406800B55A3F /* Release */ = {
			isa = XCBuildConfiguration;
			buildSettings = {
				COPY_PHASE_STRIP = NO;
				DEBUG_INFORMATION_FORMAT = "dwarf-with-dsym";
				DEFINES_MODULE = YES;
				DYLIB_COMPATIBILITY_VERSION = 1;
				DYLIB_CURRENT_VERSION = 1;
				DYLIB_INSTALL_NAME_BASE = "@rpath";
				FRAMEWORK_SEARCH_PATHS = "$(PROJECT_DIR)/../Carthage/Build/iOS";
				GCC_NO_COMMON_BLOCKS = YES;
				INFOPLIST_FILE = "$(SRCROOT)/PromissumExtensions/Info.plist";
				INSTALL_PATH = "$(LOCAL_LIBRARY_DIR)/Frameworks";
				IPHONEOS_DEPLOYMENT_TARGET = 8.0;
				LD_RUNPATH_SEARCH_PATHS = "$(inherited) @executable_path/Frameworks @loader_path/Frameworks";
				OTHER_SWIFT_FLAGS = "-D CARTHAGE";
				PRODUCT_BUNDLE_IDENTIFIER = "com.nonstrict.Promissum-CoreDataKit";
				PRODUCT_NAME = "$(TARGET_NAME)";
				SKIP_INSTALL = YES;
			};
			name = Release;
		};
		E27233CC1BBF407200B55A3F /* Debug */ = {
			isa = XCBuildConfiguration;
			buildSettings = {
				DEBUG_INFORMATION_FORMAT = dwarf;
				DEFINES_MODULE = YES;
				DYLIB_COMPATIBILITY_VERSION = 1;
				DYLIB_CURRENT_VERSION = 1;
				DYLIB_INSTALL_NAME_BASE = "@rpath";
				FRAMEWORK_SEARCH_PATHS = "$(PROJECT_DIR)/../Carthage/Build/iOS";
				GCC_NO_COMMON_BLOCKS = YES;
				INFOPLIST_FILE = "$(SRCROOT)/PromissumExtensions/Info.plist";
				INSTALL_PATH = "$(LOCAL_LIBRARY_DIR)/Frameworks";
				IPHONEOS_DEPLOYMENT_TARGET = 8.0;
				LD_RUNPATH_SEARCH_PATHS = "$(inherited) @executable_path/Frameworks @loader_path/Frameworks";
				OTHER_SWIFT_FLAGS = "-D CARTHAGE";
				PRODUCT_BUNDLE_IDENTIFIER = "com.nonstrict.Promissum-UIKit";
				PRODUCT_NAME = "$(TARGET_NAME)";
				SKIP_INSTALL = YES;
			};
			name = Debug;
		};
		E27233CD1BBF407200B55A3F /* Release */ = {
			isa = XCBuildConfiguration;
			buildSettings = {
				COPY_PHASE_STRIP = NO;
				DEBUG_INFORMATION_FORMAT = "dwarf-with-dsym";
				DEFINES_MODULE = YES;
				DYLIB_COMPATIBILITY_VERSION = 1;
				DYLIB_CURRENT_VERSION = 1;
				DYLIB_INSTALL_NAME_BASE = "@rpath";
				FRAMEWORK_SEARCH_PATHS = "$(PROJECT_DIR)/../Carthage/Build/iOS";
				GCC_NO_COMMON_BLOCKS = YES;
				INFOPLIST_FILE = "$(SRCROOT)/PromissumExtensions/Info.plist";
				INSTALL_PATH = "$(LOCAL_LIBRARY_DIR)/Frameworks";
				IPHONEOS_DEPLOYMENT_TARGET = 8.0;
				LD_RUNPATH_SEARCH_PATHS = "$(inherited) @executable_path/Frameworks @loader_path/Frameworks";
				OTHER_SWIFT_FLAGS = "-D CARTHAGE";
				PRODUCT_BUNDLE_IDENTIFIER = "com.nonstrict.Promissum-UIKit";
				PRODUCT_NAME = "$(TARGET_NAME)";
				SKIP_INSTALL = YES;
			};
			name = Release;
		};
/* End XCBuildConfiguration section */

/* Begin XCConfigurationList section */
		E2406AE81A5BBB8D000E5C78 /* Build configuration list for PBXProject "Promissum_Carthage" */ = {
			isa = XCConfigurationList;
			buildConfigurations = (
				E2406B021A5BBB8D000E5C78 /* Debug */,
				E2406B031A5BBB8D000E5C78 /* Release */,
			);
			defaultConfigurationIsVisible = 0;
			defaultConfigurationName = Release;
		};
		E249C69C1BC2817D006E6278 /* Build configuration list for PBXNativeTarget "Promissum" */ = {
			isa = XCConfigurationList;
			buildConfigurations = (
				E249C69D1BC2817D006E6278 /* Debug */,
				E249C69E1BC2817D006E6278 /* Release */,
			);
			defaultConfigurationIsVisible = 0;
		};
		E27233931BBF37CF00B55A3F /* Build configuration list for PBXNativeTarget "Promissum_Alamofire" */ = {
			isa = XCConfigurationList;
			buildConfigurations = (
				E27233941BBF37CF00B55A3F /* Debug */,
				E27233951BBF37CF00B55A3F /* Release */,
			);
			defaultConfigurationIsVisible = 0;
			defaultConfigurationName = Release;
		};
		E27233BE1BBF406800B55A3F /* Build configuration list for PBXNativeTarget "Promissum_CoreDataKit" */ = {
			isa = XCConfigurationList;
			buildConfigurations = (
				E27233BF1BBF406800B55A3F /* Debug */,
				E27233C01BBF406800B55A3F /* Release */,
			);
			defaultConfigurationIsVisible = 0;
			defaultConfigurationName = Release;
		};
		E27233CB1BBF407200B55A3F /* Build configuration list for PBXNativeTarget "Promissum_UIKit" */ = {
			isa = XCConfigurationList;
			buildConfigurations = (
				E27233CC1BBF407200B55A3F /* Debug */,
				E27233CD1BBF407200B55A3F /* Release */,
			);
			defaultConfigurationIsVisible = 0;
			defaultConfigurationName = Release;
		};
/* End XCConfigurationList section */
	};
	rootObject = E2406AE51A5BBB8D000E5C78 /* Project object */;
}
